Microsoft Visual Studio Solution File, Format Version 12.00
# Visual Studio 15
VisualStudioVersion = 15.0.27004.2002
MinimumVisualStudioVersion = 15.0.26124.0
Project("{2150E333-8FDC-42A3-9474-1A3956D46DE8}") = "src", "src", "{0EDCB0D7-5B0E-49AF-84AE-4AF6B63845B4}"
EndProject
Project("{9A19103F-16F7-4668-BE54-9A1E7A4F7556}") = "Enable.Extensions.FileSystem.Abstractions", "src\Enable.Extensions.FileSystem.Abstractions\Enable.Extensions.FileSystem.Abstractions.csproj", "{C2B1BA9F-D1BD-4FF3-98BA-1700C2DE7999}"
EndProject
Project("{9A19103F-16F7-4668-BE54-9A1E7A4F7556}") = "Enable.Extensions.FileSystem.Physical", "src\Enable.Extensions.FileSystem.Physical\Enable.Extensions.FileSystem.Physical.csproj", "{A98C7548-A40F-4C61-912A-F33727473AE0}"
EndProject
Project("{2150E333-8FDC-42A3-9474-1A3956D46DE8}") = "test", "test", "{C312751E-C239-426C-A88A-FCA77D3B8C8C}"
EndProject
Project("{9A19103F-16F7-4668-BE54-9A1E7A4F7556}") = "Enable.Extensions.FileSystem.Physical.Tests", "test\Enable.Extensions.FileSystem.Physical.Tests\Enable.Extensions.FileSystem.Physical.Tests.csproj", "{81820268-1741-471C-B61E-A9BDFD3CFEAF}"
EndProject
Project("{2150E333-8FDC-42A3-9474-1A3956D46DE8}") = "Solution Items", "Solution Items", "{3579599F-D0AB-4A3D-A69E-DB6E1DFE63D9}"
	ProjectSection(SolutionItems) = preProject
		.editorconfig = .editorconfig
		.gitattributes = .gitattributes
		.gitignore = .gitignore
		appveyor.yml = appveyor.yml
		CHANGELOG.md = CHANGELOG.md
		CONTRIBUTING.md = CONTRIBUTING.md
		CustomExtendedCorrectnessRules.ruleset = CustomExtendedCorrectnessRules.ruleset
		LICENSE = LICENSE
		README.md = README.md
	EndProjectSection
EndProject
Project("{9A19103F-16F7-4668-BE54-9A1E7A4F7556}") = "Enable.Extensions.FileSystem.AzureStorage", "src\Enable.Extensions.FileSystem.AzureStorage\Enable.Extensions.FileSystem.AzureStorage.csproj", "{4825563C-E163-4814-A546-63EB028E172C}"
EndProject
Project("{9A19103F-16F7-4668-BE54-9A1E7A4F7556}") = "Enable.Extensions.FileSystem.AzureStorage.Tests", "test\Enable.Extensions.FileSystem.AzureStorage.Tests\Enable.Extensions.FileSystem.AzureStorage.Tests.csproj", "{02AAFAB4-4739-4DE7-81C0-C15C6C82985B}"
EndProject
Global
	GlobalSection(SolutionConfigurationPlatforms) = preSolution
		Debug|Any CPU = Debug|Any CPU
		Debug|x64 = Debug|x64
		Debug|x86 = Debug|x86
		Release|Any CPU = Release|Any CPU
		Release|x64 = Release|x64
		Release|x86 = Release|x86
	EndGlobalSection
	GlobalSection(ProjectConfigurationPlatforms) = postSolution
		{C2B1BA9F-D1BD-4FF3-98BA-1700C2DE7999}.Debug|Any CPU.ActiveCfg = Debug|Any CPU
		{C2B1BA9F-D1BD-4FF3-98BA-1700C2DE7999}.Debug|Any CPU.Build.0 = Debug|Any CPU
		{C2B1BA9F-D1BD-4FF3-98BA-1700C2DE7999}.Debug|x64.ActiveCfg = Debug|Any CPU
		{C2B1BA9F-D1BD-4FF3-98BA-1700C2DE7999}.Debug|x64.Build.0 = Debug|Any CPU
		{C2B1BA9F-D1BD-4FF3-98BA-1700C2DE7999}.Debug|x86.ActiveCfg = Debug|Any CPU
		{C2B1BA9F-D1BD-4FF3-98BA-1700C2DE7999}.Debug|x86.Build.0 = Debug|Any CPU
		{C2B1BA9F-D1BD-4FF3-98BA-1700C2DE7999}.Release|Any CPU.ActiveCfg = Release|Any CPU
		{C2B1BA9F-D1BD-4FF3-98BA-1700C2DE7999}.Release|Any CPU.Build.0 = Release|Any CPU
		{C2B1BA9F-D1BD-4FF3-98BA-1700C2DE7999}.Release|x64.ActiveCfg = Release|Any CPU
		{C2B1BA9F-D1BD-4FF3-98BA-1700C2DE7999}.Release|x64.Build.0 = Release|Any CPU
		{C2B1BA9F-D1BD-4FF3-98BA-1700C2DE7999}.Release|x86.ActiveCfg = Release|Any CPU
		{C2B1BA9F-D1BD-4FF3-98BA-1700C2DE7999}.Release|x86.Build.0 = Release|Any CPU
		{A98C7548-A40F-4C61-912A-F33727473AE0}.Debug|Any CPU.ActiveCfg = Debug|Any CPU
		{A98C7548-A40F-4C61-912A-F33727473AE0}.Debug|Any CPU.Build.0 = Debug|Any CPU
		{A98C7548-A40F-4C61-912A-F33727473AE0}.Debug|x64.ActiveCfg = Debug|Any CPU
		{A98C7548-A40F-4C61-912A-F33727473AE0}.Debug|x64.Build.0 = Debug|Any CPU
		{A98C7548-A40F-4C61-912A-F33727473AE0}.Debug|x86.ActiveCfg = Debug|Any CPU
		{A98C7548-A40F-4C61-912A-F33727473AE0}.Debug|x86.Build.0 = Debug|Any CPU
		{A98C7548-A40F-4C61-912A-F33727473AE0}.Release|Any CPU.ActiveCfg = Release|Any CPU
		{A98C7548-A40F-4C61-912A-F33727473AE0}.Release|Any CPU.Build.0 = Release|Any CPU
		{A98C7548-A40F-4C61-912A-F33727473AE0}.Release|x64.ActiveCfg = Release|Any CPU
		{A98C7548-A40F-4C61-912A-F33727473AE0}.Release|x64.Build.0 = Release|Any CPU
		{A98C7548-A40F-4C61-912A-F33727473AE0}.Release|x86.ActiveCfg = Release|Any CPU
		{A98C7548-A40F-4C61-912A-F33727473AE0}.Release|x86.Build.0 = Release|Any CPU
		{81820268-1741-471C-B61E-A9BDFD3CFEAF}.Debug|Any CPU.ActiveCfg = Debug|Any CPU
		{81820268-1741-471C-B61E-A9BDFD3CFEAF}.Debug|Any CPU.Build.0 = Debug|Any CPU
		{81820268-1741-471C-B61E-A9BDFD3CFEAF}.Debug|x64.ActiveCfg = Debug|Any CPU
		{81820268-1741-471C-B61E-A9BDFD3CFEAF}.Debug|x64.Build.0 = Debug|Any CPU
		{81820268-1741-471C-B61E-A9BDFD3CFEAF}.Debug|x86.ActiveCfg = Debug|Any CPU
		{81820268-1741-471C-B61E-A9BDFD3CFEAF}.Debug|x86.Build.0 = Debug|Any CPU
		{81820268-1741-471C-B61E-A9BDFD3CFEAF}.Release|Any CPU.ActiveCfg = Release|Any CPU
		{81820268-1741-471C-B61E-A9BDFD3CFEAF}.Release|Any CPU.Build.0 = Release|Any CPU
		{81820268-1741-471C-B61E-A9BDFD3CFEAF}.Release|x64.ActiveCfg = Release|Any CPU
		{81820268-1741-471C-B61E-A9BDFD3CFEAF}.Release|x64.Build.0 = Release|Any CPU
		{81820268-1741-471C-B61E-A9BDFD3CFEAF}.Release|x86.ActiveCfg = Release|Any CPU
		{81820268-1741-471C-B61E-A9BDFD3CFEAF}.Release|x86.Build.0 = Release|Any CPU
		{4825563C-E163-4814-A546-63EB028E172C}.Debug|Any CPU.ActiveCfg = Debug|Any CPU
		{4825563C-E163-4814-A546-63EB028E172C}.Debug|Any CPU.Build.0 = Debug|Any CPU
		{4825563C-E163-4814-A546-63EB028E172C}.Debug|x64.ActiveCfg = Debug|Any CPU
		{4825563C-E163-4814-A546-63EB028E172C}.Debug|x64.Build.0 = Debug|Any CPU
		{4825563C-E163-4814-A546-63EB028E172C}.Debug|x86.ActiveCfg = Debug|Any CPU
		{4825563C-E163-4814-A546-63EB028E172C}.Debug|x86.Build.0 = Debug|Any CPU
		{4825563C-E163-4814-A546-63EB028E172C}.Release|Any CPU.ActiveCfg = Release|Any CPU
		{4825563C-E163-4814-A546-63EB028E172C}.Release|Any CPU.Build.0 = Release|Any CPU
		{4825563C-E163-4814-A546-63EB028E172C}.Release|x64.ActiveCfg = Release|Any CPU
		{4825563C-E163-4814-A546-63EB028E172C}.Release|x64.Build.0 = Release|Any CPU
		{4825563C-E163-4814-A546-63EB028E172C}.Release|x86.ActiveCfg = Release|Any CPU
		{4825563C-E163-4814-A546-63EB028E172C}.Release|x86.Build.0 = Release|Any CPU
		{02AAFAB4-4739-4DE7-81C0-C15C6C82985B}.Debug|Any CPU.ActiveCfg = Debug|Any CPU
		{02AAFAB4-4739-4DE7-81C0-C15C6C82985B}.Debug|Any CPU.Build.0 = Debug|Any CPU
		{02AAFAB4-4739-4DE7-81C0-C15C6C82985B}.Debug|x64.ActiveCfg = Debug|Any CPU
		{02AAFAB4-4739-4DE7-81C0-C15C6C82985B}.Debug|x64.Build.0 = Debug|Any CPU
		{02AAFAB4-4739-4DE7-81C0-C15C6C82985B}.Debug|x86.ActiveCfg = Debug|Any CPU
		{02AAFAB4-4739-4DE7-81C0-C15C6C82985B}.Debug|x86.Build.0 = Debug|Any CPU
		{02AAFAB4-4739-4DE7-81C0-C15C6C82985B}.Release|Any CPU.ActiveCfg = Release|Any CPU
		{02AAFAB4-4739-4DE7-81C0-C15C6C82985B}.Release|Any CPU.Build.0 = Release|Any CPU
		{02AAFAB4-4739-4DE7-81C0-C15C6C82985B}.Release|x64.ActiveCfg = Release|Any CPU
		{02AAFAB4-4739-4DE7-81C0-C15C6C82985B}.Release|x64.Build.0 = Release|Any CPU
		{02AAFAB4-4739-4DE7-81C0-C15C6C82985B}.Release|x86.ActiveCfg = Release|Any CPU
		{02AAFAB4-4739-4DE7-81C0-C15C6C82985B}.Release|x86.Build.0 = Release|Any CPU
	EndGlobalSection
	GlobalSection(SolutionProperties) = preSolution
		HideSolutionNode = FALSE
	EndGlobalSection
	GlobalSection(NestedProjects) = preSolution
		{C2B1BA9F-D1BD-4FF3-98BA-1700C2DE7999} = {0EDCB0D7-5B0E-49AF-84AE-4AF6B63845B4}
		{A98C7548-A40F-4C61-912A-F33727473AE0} = {0EDCB0D7-5B0E-49AF-84AE-4AF6B63845B4}
		{81820268-1741-471C-B61E-A9BDFD3CFEAF} = {C312751E-C239-426C-A88A-FCA77D3B8C8C}
		{4825563C-E163-4814-A546-63EB028E172C} = {0EDCB0D7-5B0E-49AF-84AE-4AF6B63845B4}
		{02AAFAB4-4739-4DE7-81C0-C15C6C82985B} = {C312751E-C239-426C-A88A-FCA77D3B8C8C}
	EndGlobalSection
	GlobalSection(ExtensibilityGlobals) = postSolution
		SolutionGuid = {800FC0A7-9A18-435B-8476-713420AD64E4}
	EndGlobalSection
EndGlobal
